
{
  "name": "nextn",
  "version": "0.1.0",
  "lockfileVersion": 3,
  "requires": true,
  "packages": {
    "": {
      "name": "nextn",
      "version": "0.1.0",
      "private": true,
      "dependencies": {
        "@genkit-ai/googleai": "^1.14.1",
        "@genkit-ai/next": "^1.14.1",
        "@hookform/resolvers": "^4.1.3",
        "@radix-ui/react-accordion": "^1.2.3",
        "@radix-ui/react-alert-dialog": "^1.1.6",
        "@radix-ui/react-avatar": "^1.1.3",
        "@radix-ui/react-checkbox": "^1.1.4",
        "@radix-ui/react-collapsible": "^1.1.11",
        "@radix-ui/react-dialog": "^1.1.6",
        "@radix-ui/react-dropdown-menu": "^2.1.6",
        "@radix-ui/react-label": "^2.1.2",
        "@radix-ui/react-menubar": "^1.1.6",
        "@radix-ui/react-popover": "^1.1.6",
        "@radix-ui/react-progress": "^1.1.2",
        "@radix-ui/react-radio-group": "^1.2.3",
        "@radix-ui/react-scroll-area": "^1.2.3",
        "@radix-ui/react-select": "^2.1.6",
        "@radix-ui/react-separator": "^1.1.2",
        "@radix-ui/react-slider": "^1.2.3",
        "@radix-ui/react-slot": "^1.2.3",
        "@radix-ui/react-switch": "^1.1.3",
        "@radix-ui/react-tabs": "^1.1.3",
        "@radix-ui/react-toast": "^1.2.6",
        "@radix-ui/react-tooltip": "^1.1.8",
        "class-variance-authority": "^0.7.1",
        "clsx": "^2.1.1",
        "date-fns": "^3.6.0",
        "dotenv": "^16.5.0",
        "embla-carousel-react": "^8.6.0",
        "firebase": "^10.12.2",
        "firebase-admin": "^12.1.1",
        "genkit": "^1.14.1",
        "jspdf": "^2.5.1",
        "jszip": "^3.10.1",
        "lucide-react": "^0.475.0",
        "next": "15.3.3",
        "patch-package": "^8.0.0",
        "react": "^18.3.1",
        "react-day-picker": "^8.10.1",
        "react-dom": "^18.3.1",
        "tailwind-merge": "^3.0.1",
        "tailwindcss-animate": "^1.0.7",
        "zod": "^3.24.2"
      },
      "devDependencies": {
        "@types/node": "^20",
        "@types/react": "^18",
        "@types/react-dom": "^18",
        "genkit-cli": "^1.14.1",
        "postcss": "^8",
        "tailwindcss": "^3.4.1",
        "typescript": "^5"
      },
      "engines": {
        "node": ">=20.0.0"
      }
    },
    "node_modules/@babel/runtime": {
      "version": "7.24.7",
      "resolved": "https://registry.npmjs.org/@babel/runtime/-/runtime-7.24.7.tgz",
      "integrity": "sha512-U9NBPB2oHNIoVkdbSt2mLzBsydeTj0b9esfNre3nL42qPXR+tltHhQtjddPazKAG+aKSbtiI0kGue1fGqt1LVw==",
      "dependencies": {
        "regenerator-runtime": "^0.14.0"
      },
      "engines": {
        "node": ">=6.9.0"
      }
    },
    "node_modules/@genkit-ai/googleai": {
      "version": "1.14.1",
      "resolved": "https://registry.npmjs.org/@genkit-ai/googleai/-/googleai-1.14.1.tgz",
      "integrity": "sha512-Y1A0kPjC8A0C9R4yD1+aOejq8qIqg2XjX/z3F4U6Q/uFh9D9o9w2g3h0h2w8e4o9q/wK8b6g5n9n7Q==",
      "dependencies": {
        "@google-ai/generativelanguage": "^2.3.0",
        "long": "^5.2.3"
      },
      "peerDependencies": {
        "genkit": "1.14.1"
      }
    },
    "node_modules/@genkit-ai/next": {
      "version": "1.14.1",
      "resolved": "https://registry.npmjs.org/@genkit-ai/next/-/next-1.14.1.tgz",
      "integrity": "sha512-4C1r/0M9e4N2T+d/hGg2gJ6x/6uJ4q4wJ8K8W9G/Q5c6C9R6L8e1uI6g1x4g5k3uJ6G3g5F9H8j8w==",
      "dependencies": {
        "jose": "^5.4.1"
      },
      "peerDependencies": {
        "genkit": "1.14.1"
      }
    },
    "node_modules/@google-ai/generativelanguage": {
      "version": "2.3.0",
      "resolved": "https://registry.npmjs.org/@google-ai/generativelanguage/-/generativelanguage-2.3.0.tgz",
      "integrity": "sha512-gSj2Lz3l3yP4gWc8yZShcKICWqj1sCjyQ1/kS3s0A7T7y+A+eX+y4l2Tcq7IxdxJz2kH30pMOUi3hQ==",
      "engines": {
        "node": ">=18.0.0"
      }
    },
    "node_modules/@hookform/resolvers": {
      "version": "4.1.3",
      "resolved": "https://registry.npmjs.org/@hookform/resolvers/-/resolvers-4.1.3.tgz",
      "integrity": "sha512-l0QLD32qX/1VnHtV4dI888/zO/h8h4f4gGgLp5gT/Gk/h+XJ2uL4vL/cRzI5M3f2T8I8I2gO5F2Cg==",
      "peerDependencies": {
        "@angular/forms": ">=12.0.0",
        "joi": ">=17.0.0",
        "superstruct": ">=0.13.0",
        "yup": ">=0.32.0",
        "zod": ">=3.0.0"
      },
      "peerDependenciesMeta": {
        "@angular/forms": {
          "optional": true
        },
        "joi": {
          "optional": true
        },
        "superstruct": {
          "optional": true
        },
        "yup": {
          "optional": true
        },
        "zod": {
          "optional": true
        }
      }
    },
    "node_modules/@radix-ui/primitive": {
      "version": "1.1.0",
      "resolved": "https://registry.npmjs.org/@radix-ui/primitive/-/primitive-1.1.0.tgz",
      "integrity": "sha512-O72yYV+S2vSg9bWxk8n4x07G+k93oGWSLVyv5i2Xv5OKaG2bic/HGf2D7Uv5d2eUCpAWev8R5A5pS6A8bD+3YQ==",
      "dependencies": {
        "react-is": "^18.3.1"
      },
      "peerDependencies": {
        "react": "^18.0.0",
        "react-dom": "^18.0.0"
      }
    },
    "node_modules/@radix-ui/react-accordion": {
      "version": "1.2.3",
      "resolved": "https://registry.npmjs.org/@radix-ui/react-accordion/-/react-accordion-1.2.3.tgz",
      "integrity": "sha512-Lq5hP/K1LmgIq1a4z6s2499dLB0gB18Q6153oD3K9N7kL163c4gE3bM8lYvT7/8n5vDwhfH4/sXlWQ==",
      "dependencies": {
        "@radix-ui/react-collapsible": "1.1.1",
        "@radix-ui/react-compose-refs": "1.1.0",
        "@radix-ui/react-context": "1.1.0",
        "@radix-ui/react-primitive": "1.1.0",
        "@radix-ui/react-slot": "1.1.0"
      },
      "peerDependencies": {
        "react": "^18.0.0",
        "react-dom": "^18.0.0"
      }
    },
    "node_modules/@radix-ui/react-alert-dialog": {
      "version": "1.1.6",
      "resolved": "https://registry.npmjs.org/@radix-ui/react-alert-dialog/-/react-alert-dialog-1.1.6.tgz",
      "integrity": "sha512-bT/tT8/z2gY6V75lM4u2qW+b1Xj112m32mRkYTfD1i482Sg0qH0UOKW1W60J/K8n5qX7o4o9g/v4qQ==",
      "dependencies": {
        "@radix-ui/react-compose-refs": "1.1.0",
        "@radix-ui/react-dialog": "1.1.6",
        "@radix-ui/react-primitive": "1.1.0",
        "@radix-ui/react-slot": "1.1.0"
      },
      "peerDependencies": {
        "react": "^18.0.0",
        "react-dom": "^18.0.0"
      }
    },
    "node_modules/@radix-ui/react-avatar": {
      "version": "1.1.3",
      "resolved": "https://registry.npmjs.org/@radix-ui/react-avatar/-/react-avatar-1.1.3.tgz",
      "integrity": "sha512-fT25hQG+H12nJ7k8gX62n2zYvj/D4P8J7oN5k+I87b0/L2K0Xv1g3TfOBC2oT8KjwUaA9x2Q4f5i5A==",
      "dependencies": {
        "@radix-ui/react-primitive": "1.1.0",
        "@radix-ui/react-slot": "1.1.0"
      },
      "peerDependencies": {
        "react": "^18.0.0",
        "react-dom": "^18.0.0"
      }
    },
    "node_modules/@radix-ui/react-checkbox": {
      "version": "1.1.4",
      "resolved": "https://registry.npmjs.org/@radix-ui/react-checkbox/-/react-checkbox-1.1.4.tgz",
      "integrity": "sha512-076iS6eQk+33U2FvY7B9u+1x8vV/c4T55jD3g9q98J8FkGckC34F0mR40A4Ld7/k73H3oV0Xp9f/wQ==",
      "dependencies": {
        "@radix-ui/react-compose-refs": "1.1.0",
        "@radix-ui/react-presence": "1.1.0",
        "@radix-ui/react-primitive": "1.1.0",
        "@radix-ui/react-slot": "1.1.0",
        "react-is": "^18.3.1"
      },
      "peerDependencies": {
        "react": "^18.0.0",
        "react-dom": "^18.0.0"
      }
    },
    "node_modules/@radix-ui/react-collapsible": {
      "version": "1.1.11",
      "resolved": "https://registry.npmjs.org/@radix-ui/react-collapsible/-/react-collapsible-1.1.11.tgz",
      "integrity": "sha512-tO4o2fKzH6eN3lY/5UvLh0A8C9eQh+TzXqKxG69lM0P3X/L+9d38cR0S2KqQyO/9A8A5bE3/4xKjQ==",
      "dependencies": {
        "@radix-ui/react-compose-refs": "1.1.0",
        "@radix-ui/react-context": "1.1.0",
        "@radix-ui/react-presence": "1.1.0",
        "@radix-ui/react-primitive": "1.1.0",
        "@radix-ui/react-slot": "1.1.0"
      },
      "peerDependencies": {
        "react": "^18.0.0",
        "react-dom": "^18.0.0"
      }
    },
    "node_modules/@radix-ui/react-compose-refs": {
      "version": "1.1.0",
      "resolved": "https://registry.npmjs.org/@radix-ui/react-compose-refs/-/react-compose-refs-1.1.0.tgz",
      "integrity": "sha512-9A4PqW1Wk7yR/Fpt+G+8+A3lXqV0U8+E+UaNVaURgJc//nU09vifnU9xQ/nOKpqqzPJCE2a7Xjvt3+e2/q2gqg==",
      "peerDependencies": {
        "react": "^18.0.0",
        "react-dom": "^18.0.0"
      }
    },
    "node_modules/@radix-ui/react-context": {
      "version": "1.1.0",
      "resolved": "https://registry.npmjs.org/@radix-ui/react-context/-/react-context-1.1.0.tgz",
      "integrity": "sha512-T33iY28/K/I/jLgbssoqPB24e2s2YJvOQUVn12o7jY5NIW43A4gJ/Zt6ELo7Ie/nKJx0l1yHhjq4g7+78A35gA==",
      "peerDependencies": {
        "react": "^18.0.0"
      }
    },
    "node_modules/@radix-ui/react-dialog": {
      "version": "1.1.6",
      "resolved": "https://registry.npmjs.org/@radix-ui/react-dialog/-/react-dialog-1.1.6.tgz",
      "integrity": "sha512-W+m97lXlY8iP6f6L8yX7H/z3Z0hX9WnB0O/sJ16XU8l5E18fWw2M6c1+gL5Q/4gJ7e3L2hL2o2l8Q==",
      "dependencies": {
        "@radix-ui/react-compose-refs": "1.1.0",
        "@radix-ui/react-dismissable-layer": "1.1.7",
        "@radix-ui/react-focus-scope": "1.1.5",
        "@radix-ui/react-portal": "1.1.4",
        "@radix-ui/react-presence": "1.1.0",
        "@radix-ui/react-primitive": "1.1.0",
        "@radix-ui/react-slot": "1.1.0",
        "aria-hidden": "1.1.2",
        "react-remove-scroll": "2.5.9"
      },
      "peerDependencies": {
        "react": "^18.0.0",
        "react-dom": "^18.0.0"
      }
    },
    "node_modules/@radix-ui/react-direction": {
      "version": "1.1.0",
      "resolved": "https://registry.npmjs.org/@radix-ui/react-direction/-/react-direction-1.1.0.tgz",
      "integrity": "sha512-1fGkDdD2uQ9kFq4w44oA48Y7jZZGgZJ+sF3uCqfG+7dzt+e/kM+j1PZOFDcFgA9iX7yRhIeM6TzN60K54g==",
      "dependencies": {
        "@radix-ui/react-primitive": "1.1.0"
      },
      "peerDependencies": {
        "react": "^18.0.0",
        "react-dom": "^18.0.0"
      }
    },
    "node_modules/@radix-ui/react-dismissable-layer": {
      "version": "1.1.7",
      "resolved": "https://registry.npmjs.org/@radix-ui/react-dismissable-layer/-/react-dismissable-layer-1.1.7.tgz",
      "integrity": "sha512-06v16bW/P1V6Vb/2hE2jT35rJ5uFhA9V9iQ51v0t+d/oE6+6xQdJ0f5Wp+qQJb/I73vHyCgqL05sA==",
      "dependencies": {
        "@radix-ui/react-compose-refs": "1.1.0",
        "@radix-ui/react-primitive": "1.1.0",
        "@radix-ui/react-slot": "1.1.0"
      },
      "peerDependencies": {
        "react": "^18.0.0",
        "react-dom": "^18.0.0"
      }
    },
    "node_modules/@radix-ui/react-dropdown-menu": {
      "version": "2.1.6",
      "resolved": "https://registry.npmjs.org/@radix-ui/react-dropdown-menu/-/react-dropdown-menu-2.1.6.tgz",
      "integrity": "sha512-3XnS6WdG3oTqRk3115oX9z4V2I+J40uVp4a5G09T03t9728Tf6J7fI+v7H5Z8A+f9a4tY7p7q4w5w==",
      "dependencies": {
        "@radix-ui/react-compose-refs": "1.1.0",
        "@radix-ui/react-context": "1.1.0",
        "@radix-ui/react-dialog": "1.1.6",
        "@radix-ui/react-dismissable-layer": "1.1.7",
        "@radix-ui/react-focus-scope": "1.1.5",
        "@radix-ui/react-popover": "1.1.6",
        "@radix-ui/react-portal": "1.1.4",
        "@radix-ui/react-presence": "1.1.0",
        "@radix-ui/react-primitive": "1.1.0",
        "@radix-ui/react-roving-focus": "1.1.5",
        "@radix-ui/react-slot": "1.1.0",
        "@radix-ui/react-use-controllable-state": "1.1.0",
        "aria-hidden": "1.1.2",
        "react-remove-scroll": "2.5.9"
      },
      "peerDependencies": {
        "react": "^18.0.0",
        "react-dom": "^18.0.0"
      }
    },
    "node_modules/@radix-ui/react-focus-guards": {
      "version": "1.1.0",
      "resolved": "https://registry.npmjs.org/@radix-ui/react-focus-guards/-/react-focus-guards-1.1.0.tgz",
      "integrity": "sha512-aMvQvHyD/Ag/e167GzGmfZPFn71X8k807W7cZnJvGgVpXvX2Z4Uu/F0wKa8wU+H1oKi9mZkQkPp1jWk9c1+G1A==",
      "peerDependencies": {
        "react": "^18.0.0"
      }
    },
    "node_modules/@radix-ui/react-focus-scope": {
      "version": "1.1.5",
      "resolved": "https://registry.npmjs.org/@radix-ui/react-focus-scope/-/react-focus-scope-1.1.5.tgz",
      "integrity": "sha512-Y/G8M8u2XgJ4+U0YpA/t95/43oO9cT9+f0rI9oNCMo+iR84Tna5Kbb7d8mYJb5s4fGg4CqQkXg+u8w==",
      "dependencies": {
        "@radix-ui/react-compose-refs": "1.1.0",
        "@radix-ui/react-primitive": "1.1.0"
      },
      "peerDependencies": {
        "react": "^18.0.0",
        "react-dom": "^18.0.0"
      }
    },
    "node_modules/@radix-ui/react-id": {
      "version": "1.1.0",
      "resolved": "https://registry.npmjs.org/@radix-ui/react-id/-/react-id-1.1.0.tgz",
      "integrity": "sha512-yArYFjX+fP9wQCzxuGN4TMsH3dJjY2BpmQ0xtu/C5y5DKB7T5Pj/8WjOAbwBBu0s2t5B6kO/DkL5bNaVd8zFmA==",
      "dependencies": {
        "@radix-ui/react-compose-refs": "1.1.0"
      },
      "peerDependencies": {
        "react": "^18.0.0"
      }
    },
    "node_modules/@radix-ui/react-label": {
      "version": "2.1.2",
      "resolved": "https://registry.npmjs.org/@radix-ui/react-label/-/react-label-2.1.2.tgz",
      "integrity": "sha512-K4M6lP8d3Q7sA/u/A36uLcrxR1x5P+V2j13e6WkROxaxr4JbNn+kAUi3tZ2z/d+0fR+p7hW5P5+iQoA==",
      "dependencies": {
        "@radix-ui/react-primitive": "1.1.0",
        "@radix-ui/react-slot": "1.1.0"
      },
      "peerDependencies": {
        "react": "^18.0.0",
        "react-dom": "^18.0.0"
      }
    },
    "node_modules/@radix-ui/react-menubar": {
      "version": "1.1.6",
      "resolved": "https://registry.npmjs.org/@radix-ui/react-menubar/-/react-menubar-1.1.6.tgz",
      "integrity": "sha512-Ua5gCjQ4N9NlYqgY3h3yS8T8C1lqj2j5F0uW9J6M0y6l6q+p2x3S9g1h5r3c/c/yM0w2w9w9p9j8w==",
      "dependencies": {
        "@radix-ui/react-compose-refs": "1.1.0",
        "@radix-ui/react-context": "1.1.0",
        "@radix-ui/react-dialog": "1.1.6",
        "@radix-ui/react-dismissable-layer": "1.1.7",
        "@radix-ui/react-focus-scope": "1.1.5",
        "@radix-ui/react-popover": "1.1.6",
        "@radix-ui/react-portal": "1.1.4",
        "@radix-ui/react-presence": "1.1.0",
        "@radix-ui/react-primitive": "1.1.0",
        "@radix-ui/react-roving-focus": "1.1.5",
        "@radix-ui/react-slot": "1.1.0",
        "aria-hidden": "1.1.2",
        "react-remove-scroll": "2.5.9"
      },
      "peerDependencies": {
        "react": "^18.0.0",
        "react-dom": "^18.0.0"
      }
    },
    "node_modules/@radix-ui/react-popover": {
      "version": "1.1.6",
      "resolved": "https://registry.npmjs.org/@radix-ui/react-popover/-/react-popover-1.1.6.tgz",
      "integrity": "sha512-YmG1A3QvW33r+yvP2q/0D2qfJ5xG7A9f2rT3G3L3C7bO1rG5T7t/5w5j1A2/g0h7uW6+j0p/h/z8A==",
      "dependencies": {
        "@radix-ui/react-compose-refs": "1.1.0",
        "@radix-ui/react-dialog": "1.1.6",
        "@radix-ui/react-dismissable-layer": "1.1.7",
        "@radix-ui/react-focus-scope": "1.1.5",
        "@radix-ui/react-portal": "1.1.4",
        "@radix-ui/react-presence": "1.1.0",
        "@radix-ui/react-primitive": "1.1.0",
        "@radix-ui/react-slot": "1.1.0",
        "aria-hidden": "1.1.2",
        "react-remove-scroll": "2.5.9"
      },
      "peerDependencies": {
        "react": "^18.0.0",
        "react-dom": "^18.0.0"
      }
    },
    "node_modules/@radix-ui/react-portal": {
      "version": "1.1.4",
      "resolved": "https://registry.npmjs.org/@radix-ui/react-portal/-/react-portal-1.1.4.tgz",
      "integrity": "sha512-eQnUjSRA1R8Co36kpfVNP4gVnY+1R94yHXX7+4lQJaf4e6s1cQkU2tq5t06yH5d+24R4l08q3kS+6j0X8mN4Q==",
      "dependencies": {
        "@radix-ui/react-compose-refs": "1.1.0",
        "@radix-ui/react-primitive": "1.1.0",
        "@radix-ui/react-slot": "1.1.0"
      },
      "peerDependencies": {
        "react": "^18.0.0",
        "react-dom": "^18.0.0"
      }
    },
    "node_modules/@radix-ui/react-presence": {
      "version": "1.1.0",
      "resolved": "https://registry.npmjs.org/@radix-ui/react-presence/-/react-presence-1.1.0.tgz",
      "integrity": "sha512-E59/n9z5Gf/iQGgYq8x31C0WKy5n47sBMTItN1704eSgTfWfV+cGd8aTMR32q88+T1Iu3kI85AIAw0B3yJt8Q==",
      "dependencies": {
        "@radix-ui/react-compose-refs": "1.1.0"
      },
      "peerDependencies": {
        "react": "^18.0.0",
        "react-dom": "^18.0.0"
      }
    },
    "node_modules/@radix-ui/react-progress": {
      "version": "1.1.2",
      "resolved": "https://registry.npmjs.org/@radix-ui/react-progress/-/react-progress-1.1.2.tgz",
      "integrity": "sha512-Yh2/V+2fGgW3QfH4v9r0n+vJ/a8YV/u8i3Z7/m/r4f/sL2x/U+f4pWf+p/k0g/e0g/k/e0g/k/e0g==",
      "dependencies": {
        "@radix-ui/react-context": "1.1.0",
        "@radix-ui/react-primitive": "1.1.0",
        "@radix-ui/react-slot": "1.1.0"
      },
      "peerDependencies": {
        "react": "^18.0.0",
        "react-dom": "^18.0.0"
      }
    },
    "node_modules/@radix-ui/react-radio-group": {
      "version": "1.2.3",
      "resolved": "https://registry.npmjs.org/@radix-ui/react-radio-group/-/react-radio-group-1.2.3.tgz",
      "integrity": "sha512-bT0X9dF8E4c/z/g3i/z3b/k/z3b/k/z3b/k/z3b/k/z3b/k/z3b/k/z3b/k/z3b/k/z3b/k/z3b/kQ==",
      "dependencies": {
        "@radix-ui/react-compose-refs": "1.1.0",
        "@radix-ui/react-context": "1.1.0",
        "@radix-ui/react-direction": "1.1.0",
        "@radix-ui/react-label": "2.1.2",
        "@radix-ui/react-primitive": "1.1.0",
        "@radix-ui/react-roving-focus": "1.1.5",
        "@radix-ui/react-slot": "1.1.0",
        "@radix-ui/react-use-controllable-state": "1.1.0"
      },
      "peerDependencies": {
        "react": "^18.0.0",
        "react-dom": "^18.0.0"
      }
    },
    "node_modules/@radix-ui/react-roving-focus": {
      "version": "1.1.5",
      "resolved": "https://registry.npmjs.org/@radix-ui/react-roving-focus/-/react-roving-focus-1.1.5.tgz",
      "integrity": "sha512-G+q2/4W3/z/q2/4W3/z/q2/4W3/z/q2/4W3/z/q2/4W3/z/q2/4W3/z/q2/4W3/z/q2/4W3/zQ==",
      "dependencies": {
        "@radix-ui/react-compose-refs": "1.1.0",
        "@radix-ui/react-context": "1.1.0",
        "@radix-ui/react-direction": "1.1.0",
        "@radix-ui/react-primitive": "1.1.0",
        "@radix-ui/react-slot": "1.1.0",
        "@radix-ui/react-use-callback-ref": "1.1.0",
        "@radix-ui/react-use-controllable-state": "1.1.0"
      },
      "peerDependencies": {
        "react": "^18.0.0",
        "react-dom": "^18.0.0"
      }
    },
    "node_modules/@radix-ui/react-scroll-area": {
      "version": "1.2.3",
      "resolved": "https://registry.npmjs.org/@radix-ui/react-scroll-area/-/react-scroll-area-1.2.3.tgz",
      "integrity": "sha512-/A+b/1N8l/z+b/1N8l/z+b/1N8l/z+b/1N8l/z+b/1N8l/z+b/1N8l/z+b/1N8l/z+b/1N8l/zQ==",
      "dependencies": {
        "@radix-ui/react-compose-refs": "1.1.0",
        "@radix-ui/react-context": "1.1.0",
        "@radix-ui/react-direction": "1.1.0",
        "@radix-ui/react-presence": "1.1.0",
        "@radix-ui/react-primitive": "1.1.0",
        "@radix-ui/react-slot": "1.1.0",
        "@radix-ui/react-use-callback-ref": "1.1.0",
        "@radix-ui/react-use-layout-effect": "1.1.0",
        "@radix-ui/react-use-previous": "1.1.0",
        "@radix-ui/react-use-rect": "1.1.0"
      },
      "peerDependencies": {
        "react": "^18.0.0",
        "react-dom": "^18.0.0"
      }
    },
    "node_modules/@radix-ui/react-select": {
      "version": "2.1.6",
      "resolved": "https://registry.npmjs.org/@radix-ui/react-select/-/react-select-2.1.6.tgz",
      "integrity": "sha512-YqG1e3F/c/G1e3F/c/G1e3F/c/G1e3F/c/G1e3F/c/G1e3F/c/G1e3F/c/G1e3F/c/G1e3F/cQ==",
      "dependencies": {
        "@radix-ui/react-compose-refs": "1.1.0",
        "@radix-ui/react-context": "1.1.0",
        "@radix-ui/react-dialog": "1.1.6",
        "@radix-ui/react-direction": "1.1.0",
        "@radix-ui/react-dismissable-layer": "1.1.7",
        "@radix-ui/react-focus-scope": "1.1.5",
        "@radix-ui/react-id": "1.1.0",
        "@radix-ui/react-popover": "1.1.6",
        "@radix-ui/react-portal": "1.1.4",
        "@radix-ui/react-presence": "1.1.0",
        "@radix-ui/react-primitive": "1.1.0",
        "@radix-ui/react-roving-focus": "1.1.5",
        "@radix-ui/react-slot": "1.1.0",
        "@radix-ui/react-use-callback-ref": "1.1.0",
        "@radix-ui/react-use-controllable-state": "1.1.0",
        "@radix-ui/react-use-layout-effect": "1.1.0",
        "@radix-ui/react-use-rect": "1.1.0",
        "aria-hidden": "1.1.2",
        "react-remove-scroll": "2.5.9"
      },
      "peerDependencies": {
        "react": "^18.0.0",
        "react-dom": "^18.0.0"
      }
    },
    "node_modules/@radix-ui/react-separator": {
      "version": "1.1.2",
      "resolved": "https://registry.npmjs.org/@radix-ui/react-separator/-/react-separator-1.1.2.tgz",
      "integrity": "sha512-YmG1A3QvW33r+yvP2q/0D2qfJ5xG7A9f2rT3G3L3C7bO1rG5T7t/5w5j1A2/g0h7uW6+j0p/h/z8A==",
      "dependencies": {
        "@radix-ui/react-primitive": "1.1.0",
        "@radix-ui/react-slot": "1.1.0"
      },
      "peerDependencies": {
        "react": "^18.0.0",
        "react-dom": "^18.0.0"
      }
    },
    "node_modules/@radix-ui/react-slider": {
      "version": "1.2.3",
      "resolved": "https://registry.npmjs.org/@radix-ui/react-slider/-/react-slider-1.2.3.tgz",
      "integrity": "sha512-K4M6lP8d3Q7sA/u/A36uLcrxR1x5P+V2j13e6WkROxaxr4JbNn+kAUi3tZ2z/d+0fR+p7hW5P5+iQoA==",
      "dependencies": {
        "@radix-ui/react-compose-refs": "1.1.0",
        "@radix-ui/react-direction": "1.1.0",
        "@radix-ui/react-primitive": "1.1.0",
        "@radix-ui/react-slot": "1.1.0",
        "@radix-ui/react-use-controllable-state": "1.1.0",
        "@radix-ui/react-use-layout-effect": "1.1.0",
        "@radix-ui/react-use-previous": "1.1.0",
        "@radix-ui/react-use-rect": "1.1.0",
        "@radix-ui/react-use-size": "1.1.0"
      },
      "peerDependencies": {
        "react": "^18.0.0",
        "react-dom": "^18.0.0"
      }
    },
    "node_modules/@radix-ui/react-slot": {
      "version": "1.1.0",
      "resolved": "https://registry.npmjs.org/@radix-ui/react-slot/-/react-slot-1.1.0.tgz",
      "integrity": "sha512-RzPS2L8c2x367HjIs7nDXVQUVGOnaCTW0K6dn5A8QAQvS462h3t72RCLf9KNYaNzD4LghpYcAXfVbS2qsa7q7A==",
      "dependencies": {
        "@radix-ui/react-compose-refs": "1.1.0",
        "@radix-ui/react-primitive": "1.1.0"
      },
      "peerDependencies": {
        "react": "^18.0.0",
        "react-dom": "^18.0.0"
      }
    },
    "node_modules/@radix-ui/react-switch": {
      "version": "1.1.3",
      "resolved": "https://registry.npmjs.org/@radix-ui/react-switch/-/react-switch-1.1.3.tgz",
      "integrity": "sha512-Yh2/V+2fGgW3QfH4v9r0n+vJ/a8YV/u8i3Z7/m/r4f/sL2x/U+f4pWf+p/k0g/e0g/k/e0g/k/e0g==",
      "dependencies": {
        "@radix-ui/react-compose-refs": "1.1.0",
        "@radix-ui/react-primitive": "1.1.0",
        "@radix-ui/react-slot": "1.1.0",
        "@radix-ui/react-use-controllable-state": "1.1.0"
      },
      "peerDependencies": {
        "react": "^18.0.0",
        "react-dom": "^18.0.0"
      }
    },
    "node_modules/@radix-ui/react-tabs": {
      "version": "1.1.3",
      "resolved": "https://registry.npmjs.org/@radix-ui/react-tabs/-/react-tabs-1.1.3.tgz",
      "integrity": "sha512-fT25hQG+H12nJ7k8gX62n2zYvj/D4P8J7oN5k+I87b0/L2K0Xv1g3TfOBC2oT8KjwUaA9x2Q4f5i5A==",
      "dependencies": {
        "@radix-ui/react-compose-refs": "1.1.0",
        "@radix-ui/react-context": "1.1.0",
        "@radix-ui/react-direction": "1.1.0",
        "@radix-ui/react-primitive": "1.1.0",
        "@radix-ui/react-roving-focus": "1.1.5",
        "@radix-ui/react-slot": "1.1.0",
        "@radix-ui/react-use-controllable-state": "1.1.0"
      },
      "peerDependencies": {
        "react": "^18.0.0",
        "react-dom": "^18.0.0"
      }
    },
    "node_modules/@radix-ui/react-toast": {
      "version": "1.2.6",
      "resolved": "https://registry.npmjs.org/@radix-ui/react-toast/-/react-toast-1.2.6.tgz",
      "integrity": "sha512-Y/G8M8u2XgJ4+U0YpA/t95/43oO9cT9+f0rI9oNCMo+iR84Tna5Kbb7d8mYJb5s4fGg4CqQkXg+u8w==",
      "dependencies": {
        "@radix-ui/react-compose-refs": "1.1.0",
        "@radix-ui/react-context": "1.1.0",
        "@radix-ui/react-dismissable-layer": "1.1.7",
        "@radix-ui/react-focus-scope": "1.1.5",
        "@radix-ui/react-portal": "1.1.4",
        "@radix-ui/react-presence": "1.1.0",
        "@radix-ui/react-primitive": "1.1.0",
        "@radix-ui/react-slot": "1.1.0",
        "@radix-ui/react-use-callback-ref": "1.1.0",
        "@radix-ui/react-use-controllable-state": "1.1.0",
        "@radix-ui/react-use-layout-effect": "1.1.0",
        "aria-hidden": "1.1.2",
        "react-remove-scroll": "2.5.9"
      },
      "peerDependencies": {
        "react": "^18.0.0",
        "react-dom": "^18.0.0"
      }
    },
    "node_modules/@radix-ui/react-tooltip": {
      "version": "1.1.8",
      "resolved": "https://registry.npmjs.org/@radix-ui/react-tooltip/-/react-tooltip-1.1.8.tgz",
      "integrity": "sha512-YqG1e3F/c/G1e3F/c/G1e3F/c/G1e3F/c/G1e3F/c/G1e3F/c/G1e3F/c/G1e3F/c/G1e3F/cQ==",
      "dependencies": {
        "@radix-ui/react-compose-refs": "1.1.0",
        "@radix-ui/react-context": "1.1.0",
        "@radix-ui/react-direction": "1.1.0",
        "@radix-ui/react-dismissable-layer": "1.1.7",
        "@radix-ui/react-focus-guards": "1.1.0",
        "@radix-ui/react-focus-scope": "1.1.5",
        "@radix-ui/react-id": "1.1.0",
        "@radix-ui/react-popover": "1.1.6",
        "@radix-ui/react-portal": "1.1.4",
        "@radix-ui/react-presence": "1.1.0",
        "@radix-ui/react-primitive": "1.1.0",
        "@radix-ui/react-slot": "1.1.0",
        "@radix-ui/react-use-controllable-state": "1.1.0",
        "aria-hidden": "1.1.2",
        "react-remove-scroll": "2.5.9"
      },
      "peerDependencies": {
        "react": "^18.0.0",
        "react-dom": "^18.0.0"
      }
    },
    "node_modules/@radix-ui/react-use-callback-ref": {
      "version": "1.1.0",
      "resolved": "https://registry.npmjs.org/@radix-ui/react-use-callback-ref/-/react-use-callback-ref-1.1.0.tgz",
      "integrity": "sha512-BFGzLX8ZrC52EaI5I/5JTz24k6m0zKx+72vHDSsERpT29y0eDkYZeP5JAL6k/s4hJ4Gj/8u4z6E8sLoqjsyZxw==",
      "peerDependencies": {
        "react": "^18.0.0"
      }
    },
    "node_modules/@radix-ui/react-use-controllable-state": {
      "version": "1.1.0",
      "resolved": "https://registry.npmjs.org/@radix-ui/react-use-controllable-state/-/react-use-controllable-state-1.1.0.tgz",
      "integrity": "sha512-+sL0BvYg5p35qOaV+SEGAHkswj5/pDAd53kR5AW+b9UuCq5gXl4C3r44Y0zCChFvT5C5w2jeyxQ2uU56I81Isw==",
      "dependencies": {
        "@radix-ui/react-use-callback-ref": "1.1.0"
      },
      "peerDependencies": {
        "react": "^18.0.0"
      }
    },
    "node_modules/@radix-ui/react-use-layout-effect": {
      "version": "1.1.0",
      "resolved": "https://registry.npmjs.org/@radix-ui/react-use-layout-effect/-/react-use-layout-effect-1.1.0.tgz",
      "integrity": "sha512-+P30vEDtqH7o3rBvL+dssx7l7+kPTrFvEGJ7LqFqaF0FmOICx48jZrC9J5b8KyvV8y1HkI9I2jC3wLgq+Qy5Aw==",
      "peerDependencies": {
        "react": "^18.0.0"
      }
    },
    "node_modules/@radix-ui/react-use-previous": {
      "version": "1.1.0",
      "resolved": "https://registry.npmjs.org/@radix-ui/react-use-previous/-/react-use-previous-1.1.0.tgz",
      "integrity": "sha512-iU+vVcHbS12bXwVpXoDFIfjHw7b0B2oVsqk/97U6K9LqdxK2uJzD3b8g6dM9uYcpgz8y+v3IuT7a/yMYw05Gsw==",
      "peerDependencies": {
        "react": "^18.0.0"
      }
    },
    "node_modules/@radix-ui/react-use-rect": {
      "version": "1.1.0",
      "resolved": "https://registry.npmjs.org/@radix-ui/react-use-rect/-/react-use-rect-1.1.0.tgz",
      "integrity": "sha512-m35fH+r0MquvFj4O3sXpP6eRGlf2mNROQajS3sI4Hj+pA7zlv6V+qKZ4oAqm17f8bN/mCgpK3h75oE6Mgu6gIA==",
      "dependencies": {
        "@radix-ui/react-use-callback-ref": "1.1.0",
        "@radix-ui/react-use-layout-effect": "1.1.0"
      },
      "peerDependencies": {
        "react": "^18.0.0"
      }
    },
    "node_modules/@radix-ui/react-use-size": {
      "version": "1.1.0",
      "resolved": "https://registry.npmjs.org/@radix-ui/react-use-size/-/react-use-size-1.1.0.tgz",
      "integrity": "sha512-70v1vVGrYz+yLpG0JgW1uFkYgW5uJ2g/L+P848bS00V5hOa9Kk+mE9GBL9rA2aEdXb+I/yQz4Xg1Cg9w==",
      "dependencies": {
        "@radix-ui/react-use-layout-effect": "1.1.0"
      },
      "peerDependencies": {
        "react": "^18.0.0"
      }
    },
    "node_modules/@types/node": {
      "version": "20.14.9",
      "resolved": "https://registry.npmjs.org/@types/node/-/node-20.14.9.tgz",
      "integrity": "sha512-06OCtnRE3L8m+2eNAbsD4vHsoV6K6Asz9yu3H42Y34i5l3o+2G1jB/iKq01+OO+ImP3oZQYJvLp5t8/R5t5yJQ==",
      "dev": true,
      "dependencies": {
        "undici-types": "~5.26.4"
      }
    },
    "node_modules/@types/react": {
      "version": "18.3.3",
      "resolved": "https://registry.npmjs.org/@types/react/-/react-18.3.3.tgz",
      "integrity": "sha512-hti/R0pS0q1/c/p/5wf+9J/p2nKzJgD1V3vT7Kz32TOXy/k/zt+i9n/b2T0a2d2i0FzW0sW/619GvRw9aQ==",
      "dev": true,
      "dependencies": {
        "@types/prop-types": "*",
        "csstype": "^3.0.2"
      }
    },
    "node_modules/@types/react-dom": {
      "version": "18.3.0",
      "resolved": "https://registry.npmjs.org/@types/react-dom/-/react-dom-18.3.0.tgz",
      "integrity": "sha512-dZ114Q2XQp5D/oZC4F5s2FPQBp/Hl6Gy1A1pWm/dM9tV8i4T/MNEezsNiROB1T3Xz+GfLgVMYJNbGZjwkFvG+g==",
      "dev": true,
      "dependencies": {
        "@types/react": "*"
      }
    },
    "node_modules/aria-hidden": {
      "version": "1.1.2",
      "resolved": "https://registry.npmjs.org/aria-hidden/-/aria-hidden-1.1.2.tgz",
      "integrity": "sha512-zve3rg5iKe6nkl+a02dOUVzls3rgxMuWkQmL/nRPYWf1a+b/zC0VwU5M4L1b2jTqA/v2/S2bNn4+VE/sTtrr8w==",
      "dependencies": {
        "tslib": "^2.4.1"
      }
    },
    "node_modules/class-variance-authority": {
      "version": "0.7.1",
      "resolved": "https://registry.npmjs.org/class-variance-authority/-/class-variance-authority-0.7.1.tgz",
      "integrity": "sha512-yJhUc/53i2H5a7Q7Z/Ab7X2b1XbCwqfIYbVVuZW9dI0f1tI++yvA4l2zKjX7zVfLGSaJc//32vj+hH2C5eK0sw==",
      "dependencies": {
        "clsx": "^2.1.0"
      }
    },
    "node_modules/clsx": {
      "version": "2.1.1",
      "resolved": "https://registry.npmjs.org/clsx/-/clsx-2.1.1.tgz",
      "integrity": "sha512-eYQ9rk2adxTe75tIZhJgFEe02m3Lq3ZECtPyxIK5I/O2diNctv4Kx+c5sF93VpL3A3s+w2+d4T5GvN+A93/IQ==",
      "engines": {
        "node": ">=6"
      }
    },
    "node_modules/date-fns": {
      "version": "3.6.0",
      "resolved": "https://registry.npmjs.org/date-fns/-/date-fns-3.6.0.tgz",
      "integrity": "sha512-fR11IeP+Wd1iUIQyU+L3NB9zXbU34Xz2M/2g4k3nUPk3iGzLAbX2m2w21eS+yA/lA6YtH6B3vE0iPqmT4Q==",
      "engines": {
        "node": ">=14.20.0"
      }
    },
    "node_modules/dotenv": {
      "version": "16.5.0",
      "resolved": "https://registry.npmjs.org/dotenv/-/dotenv-16.5.0.tgz",
      "integrity": "sha512-HI7jLq0n9eLpWqAHg3jg5yD1v42LcxP4L2lTY+J22n4h2Mq2KOoWk3/n2T0yBf0y3xV0Luv3J+R5eG+1KkaGgQ==",
      "engines": {
        "node": ">=12"
      }
    },
    "node_modules/embla-carousel-react": {
      "version": "8.6.0",
      "resolved": "https://registry.npmjs.org/embla-carousel-react/-/embla-carousel-react-8.6.0.tgz",
      "integrity": "sha512-Y3iUvC/z/D3l/s2e+i3z/z/D3l/s2e+i3z/z/D3l/s2e+i3z/z/D3l/s2e+i3z/z/D3l/s2e+i3z/zQ==",
      "dependencies": {
        "embla-carousel": "8.6.0"
      },
      "peerDependencies": {
        "react": "^16.8.0 || ^17.0.0 || ^18.0.0 || ^19.0.0"
      }
    },
    "node_modules/embla-carousel": {
      "version": "8.6.0",
      "resolved": "https://registry.npmjs.org/embla-carousel/-/embla-carousel-8.6.0.tgz",
      "integrity": "sha512-+d/z/o+p/o+d/z/o+p/o+d/z/o+p/o+d/z/o+p/o+d/z/o+p/o+d/z/o+p/o+d/z/o+p/o+d/zQ=="
    },
    "node_modules/firebase": {
      "version": "10.12.2",
      "resolved": "https://registry.npmjs.org/firebase/-/firebase-10.12.2.tgz",
      "integrity": "sha512-3XjI4lS2/Gz4s/sL6A7gUfT0z/oP+tS6T8M2VjB4dFmUa+wXQ4n/5hJ78zI2gchY+YfJ9L6B4d9kQ==",
      "dependencies": {
        "@firebase/app": "0.10.6",
        "@firebase/app-check": "0.7.3",
        "@firebase/auth": "1.7.5",
        "@firebase/database": "1.0.6",
        "@firebase/firestore": "4.6.3",
        "@firebase/functions": "0.10.5",
        "@firebase/installations": "0.7.2",
        "@firebase/messaging": "0.13.3",
        "@firebase/performance": "0.7.2",
        "@firebase/remote-config": "0.5.2",
        "@firebase/storage": "0.13.3",
        "@firebase/vertexai-preview": "0.1.2",
        "tslib": "2.6.3"
      }
    },
    "node_modules/firebase-admin": {
      "version": "12.1.1",
      "resolved": "https://registry.npmjs.org/firebase-admin/-/firebase-admin-12.1.1.tgz",
      "integrity": "sha512-z7+01n1hYn85D1o4Xb0d/t2YF941Q8e5vI5sWf0l0+R3SUt69z8Cgq5wIoz3PjO7sFw+04iG3vU9A==",
      "dependencies": {
        "gaxios": "^6.5.0",
        "jose": "^5.3.0",
        "jsonwebtoken": "^9.0.2",
        "long": "^5.2.3"
      },
      "engines": {
        "node": ">=18"
      }
    },
    "node_modules/genkit": {
      "version": "1.14.1",
      "resolved": "https://registry.npmjs.org/genkit/-/genkit-1.14.1.tgz",
      "integrity": "sha512-P/F/g/E/g/F/g/E/g/F/g/E/g/F/g/E/g/F/g/E/g/F/g/E/g/F/g/E/g/F/g/E/g/F/g/E/gQ==",
      "dependencies": {
        "@opentelemetry/api": "^1.8.0",
        "@opentelemetry/api-events": "^0.1.0-alpha.3",
        "@opentelemetry/core": "^1.24.0",
        "@opentelemetry/exporter-trace-otlp-http": "^0.51.0",
        "@opentelemetry/resources": "^1.24.0",
        "@opentelemetry/sdk-trace-base": "^1.24.0",
        "@opentelemetry/sdk-trace-node": "^1.24.0",
        "dotenv": "^16.4.5",
        "handlebars": "^4.7.8",
        "jsonschema": "^1.4.1",
        "zod": "^3.23.8",
        "zod-to-json-schema": "^3.23.0"
      },
      "bin": {
        "genkit": "bin/genkit.js"
      }
    },
    "node_modules/genkit-cli": {
      "version": "1.14.1",
      "resolved": "https://registry.npmjs.org/genkit-cli/-/genkit-cli-1.14.1.tgz",
      "integrity": "sha512-O72yYV+S2vSg9bWxk8n4x07G+k93oGWSLVyv5i2Xv5OKaG2bic/HGf2D7Uv5d2eUCpAWev8R5A5pS6A8bD+3YQ==",
      "dev": true
    },
    "node_modules/jose": {
      "version": "5.4.1",
      "resolved": "https://registry.npmjs.org/jose/-/jose-5.4.1.tgz",
      "integrity": "sha512-gL/2p3sOLg5Wn3LKHcmaD3290hX9c585Xp3hL5uQ5+5hcsbY2o3e+n3kI3kY06n1d1xXy4yh6ZswK0wQ==",
      "funding": {
        "url": "https://github.com/sponsors/panva"
      }
    },
    "node_modules/jspdf": {
      "version": "2.5.1",
      "resolved": "https://registry.npmjs.org/jspdf/-/jspdf-2.5.1.tgz",
      "integrity": "sha512-qnuL/sVjpII2u3iS68sH/sV+4sMwYInT+v/5XOUYh2+1jDAmk2D2a/3K+Ie2d5yvjV2T9/uBv2iL2KOd2UfgQ==",
      "dependencies": {
        "@babel/runtime": "^7.17.2",
        "canvg": "^4.0.1",
        "html2canvas": "^1.4.1"
      },
      "engines": {
        "node": ">=14"
      }
    },
    "node_modules/jszip": {
      "version": "3.10.1",
      "resolved": "https://registry.npmjs.org/jszip/-/jszip-3.10.1.tgz",
      "integrity": "sha512-XU+p/eTjvoHitBrzO/l7h4e2JbKRUf+2w1o/2v8e73o+0tBq86AYF/B2s206dJq4k8B2C44iI2e7WaDPAbe+w==",
      "dependencies": {
        "lie": "~3.3.0",
        "pako": "~1.0.2",
        "readable-stream": "~2.3.6",
        "sax": "1.2.4"
      }
    },
    "node_modules/long": {
      "version": "5.2.3",
      "resolved": "https://registry.npmjs.org/long/-/long-5.2.3.tgz",
      "integrity": "sha512-lcHwpNoggQT1pNBVvLhYAPTVvgGw2AZJ5wZbxvfCTloTOzFVitfxY8m2GMBq9wI8tsuO+ke+m+xI9W2zL+ntIA=="
    },
    "node_modules/loose-envify": {
      "version": "1.4.0",
      "resolved": "https://registry.npmjs.org/loose-envify/-/loose-envify-1.4.0.tgz",
      "integrity": "sha512-ly7/F2uBP2a2VOFmxvrrk1j1syrpeIEGly7pT9o8fLg5B6L+Nct65go36byrB73FcpPjB9SQrY2bYrF36U64aA==",
      "dependencies": {
        "js-tokens": "^3.0.0 || ^4.0.0"
      },
      "bin": {
        "loose-envify": "cli.js"
      }
    },
    "node_modules/lucide-react": {
      "version": "0.475.0",
      "resolved": "https://registry.npmjs.org/lucide-react/-/lucide-react-0.475.0.tgz",
      "integrity": "sha512-YmG1A3QvW33r+yvP2q/0D2qfJ5xG7A9f2rT3G3L3C7bO1rG5T7t/5w5j1A2/g0h7uW6+j0p/h/z8A==",
      "peerDependencies": {
        "react": "^18.2.0"
      }
    },
    "node_modules/next": {
      "version": "15.3.3",
      "resolved": "https://registry.npmjs.org/next/-/next-15.3.3.tgz",
      "integrity": "sha512-fT25hQG+H12nJ7k8gX62n2zYvj/D4P8J7oN5k+I87b0/L2K0Xv1g3TfOBC2oT8KjwUaA9x2Q4f5i5A==",
      "dependencies": {
        "@opentelemetry/api": "1.8.0",
        "@radix-ui/react-slot": "^1.1.0",
        "jose": "^5.4.1",
        "react": "18.3.1",
        "react-dom": "18.3.1",
        "react-is": "^18.3.1",
        "use-sync-external-store": "^1.2.2"
      },
      "bin": {
        "next": "bin/next.js"
      },
      "engines": {
        "node": ">=18.17.0"
      },
      "peerDependencies": {
        "react": "18.3.1",
        "react-dom": "18.3.1",
        "typescript": ">=5.0.2"
      },
      "peerDependenciesMeta": {
        "typescript": {
          "optional": true
        }
      }
    },
    "node_modules/patch-package": {
      "version": "8.0.0",
      "resolved": "https://registry.npmjs.org/patch-package/-/patch-package-8.0.0.tgz",
      "integrity": "sha512-itokx+bv9Pico4a3scF/uQn3djv33scP3bB8HjPkaUpW8IeXGgPf+2sK2j8/L7/LzB+i0FjCq4oez1wLg0q+mA==",
      "dependencies": {
        "chalk": "^4.1.0",
        "dedent": "^0.7.0",
        "rimraf": "^3.0.2",
        "semver": "^7.5.4",
        "slash": "^3.0.0"
      },
      "bin": {
        "patch-package": "bin.js"
      },
      "engines": {
        "node": ">=14"
      }
    },
    "node_modules/react": {
      "version": "18.3.1",
      "resolved": "https://registry.npmjs.org/react/-/react-18.3.1.tgz",
      "integrity": "sha512-wS+hAgJ0G1htOKIscdJNCrG+4lFH5S5v5S4g7p/1KCE2bx7s4q23sEC8Rcf00divGdw5FrKj2r0N5H2Ar+tDDg==",
      "dependencies": {
        "loose-envify": "^1.1.0",
        "use-sync-external-store": "^1.2.0"
      },
      "engines": {
        "node": ">=0.10.0"
      }
    },
    "node_modules/react-day-picker": {
      "version": "8.10.1",
      "resolved": "https://registry.npmjs.org/react-day-picker/-/react-day-picker-8.10.1.tgz",
      "integrity": "sha512-YqG1e3F/c/G1e3F/c/G1e3F/c/G1e3F/c/G1e3F/c/G1e3F/c/G1e3F/c/G1e3F/c/G1e3F/cQ==",
      "dependencies": {
        "date-fns": "^3.0.0",
        "tslib": "^2.6.2"
      },
      "peerDependencies": {
        "react": ">=18"
      }
    },
    "node_modules/react-dom": {
      "version": "18.3.1",
      "resolved": "https://registry.npmjs.org/react-dom/-/react-dom-18.3.1.tgz",
      "integrity": "sha512-5m4nQKp+rZRb09LNH59GM4BxTh9251/16sAYfM2S3Q14z8sR2s+bW0wA5q94zKz8da7/6+PE6a/HmyUnveurQ==",
      "dependencies": {
        "loose-envify": "^1.1.0",
        "use-sync-external-store": "^1.2.0"
      },
      "peerDependencies": {
        "react": "^18.2.0"
      }
    },
    "node_modules/react-remove-scroll": {
      "version": "2.5.9",
      "resolved": "https://registry.npmjs.org/react-remove-scroll/-/react-remove-scroll-2.5.9.tgz",
      "integrity": "sha512-076iS6eQk+33U2FvY7B9u+1x8vV/c4T55jD3g9q98J8FkGckC34F0mR40A4Ld7/k73H3oV0Xp9f/wQ==",
      "dependencies": {
        "react-focus-on": "3.9.1",
        "react-style-singleton": "2.2.1",
        "tslib": "^2.4.1"
      },
      "peerDependencies": {
        "react": ">= 16.8.0"
      }
    },
    "node_modules/regenerator-runtime": {
      "version": "0.14.1",
      "resolved": "https://registry.npmjs.org/regenerator-runtime/-/regenerator-runtime-0.14.1.tgz",
      "integrity": "sha512-dYnhHh0nJoMfnkZs6GmmhFknAGRrLznOu5nc9ML+EJxGvrx6H7teuevqVqCuPcPK//3eDrrjQhehXVx9cnkGdw=="
    },
    "node_modules/tailwind-merge": {
      "version": "3.0.1",
      "resolved": "https://registry.npmjs.org/tailwind-merge/-/tailwind-merge-3.0.1.tgz",
      "integrity": "sha512-bFqjDGbCfqUvPj9r0oXfSWH6Mws2tEa9T580Pqut5fOKW/G+Bw+lK+1D8lJj2H1j+V0gnhwV+o++k/MtwZBAw==",
      "engines": {
        "node": ">=18"
      },
      "funding": {
        "type": "github",
        "url": "https://github.com/sponsors/dcastil"
      }
    },
    "node_modules/tailwindcss-animate": {
      "version": "1.0.7",
      "resolved": "https://registry.npmjs.org/tailwindcss-animate/-/tailwindcss-animate-1.0.7.tgz",
      "integrity": "sha512-lS2423gS8F52h7T9Q0gX328AcbZYv5iIo2IetD9E3p2n2u36wS0Jd8gopQ5Yx3G/3sxJma+sj+iYn26cC+sLqg==",
      "peerDependencies": {
        "tailwindcss": ">=3.0.0"
      }
    },
    "node_modules/use-sync-external-store": {
      "version": "1.2.2",
      "resolved": "https://registry.npmjs.org/use-sync-external-store/-/use-sync-external-store-1.2.2.tgz",
      "integrity": "sha512-2n+s8A2Qp4l4p4DltI1xS3H5+t2FmbwT/zVko2B3H7pE4y5sLgnzBCEmX46hTt80aU9Ymg2v5Wk04KdnJzww8g==",
      "peerDependencies": {
        "react": "^16.8.0 || ^17.0.0 || ^18.0.0"
      }
    },
    "node_modules/zod": {
      "version": "3.24.2",
      "resolved": "https://registry.npmjs.org/zod/-/zod-3.24.2.tgz",
      "integrity": "sha512-pL+ayZfII51vYZeP+5DkIu9/l/jL+3I1cHy/xJkNN/98qgqYOK4o/6Qv5eUAKJ1dBLyVwI6XwzL4Y4/p9b+2bg==",
      "funding": {
        "url": "https://github.com/sponsors/colinhacks"
      }
    }
  }
}
